// !$*UTF8*$!
{
	archiveVersion = 1;
	classes = {
	};
	objectVersion = 46;
	objects = {

/* Begin PBXBuildFile section */
		A625F6CE1BBCFEDB00E6D8B8 /* AppDelegate.swift in Sources */ = {isa = PBXBuildFile; fileRef = A625F6CD1BBCFEDB00E6D8B8 /* AppDelegate.swift */; };
		A625F6D21BBCFEDB00E6D8B8 /* GameScene.swift in Sources */ = {isa = PBXBuildFile; fileRef = A625F6D11BBCFEDB00E6D8B8 /* GameScene.swift */; };
		A625F6D41BBCFEDB00E6D8B8 /* GameViewController.swift in Sources */ = {isa = PBXBuildFile; fileRef = A625F6D31BBCFEDB00E6D8B8 /* GameViewController.swift */; };
		A625F6D71BBCFEDB00E6D8B8 /* Main.storyboard in Resources */ = {isa = PBXBuildFile; fileRef = A625F6D51BBCFEDB00E6D8B8 /* Main.storyboard */; };
		A625F6D91BBCFEDB00E6D8B8 /* Assets.xcassets in Resources */ = {isa = PBXBuildFile; fileRef = A625F6D81BBCFEDB00E6D8B8 /* Assets.xcassets */; };
		A625F6DC1BBCFEDB00E6D8B8 /* LaunchScreen.storyboard in Resources */ = {isa = PBXBuildFile; fileRef = A625F6DA1BBCFEDB00E6D8B8 /* LaunchScreen.storyboard */; };
		A625F6E71BBCFEDB00E6D8B8 /* SwiftrisTests.swift in Sources */ = {isa = PBXBuildFile; fileRef = A625F6E61BBCFEDB00E6D8B8 /* SwiftrisTests.swift */; };
		A625F6F21BBCFEDB00E6D8B8 /* SwiftrisUITests.swift in Sources */ = {isa = PBXBuildFile; fileRef = A625F6F11BBCFEDB00E6D8B8 /* SwiftrisUITests.swift */; };
		A625F7001BBD070900E6D8B8 /* Sounds in Resources */ = {isa = PBXBuildFile; fileRef = A625F6FF1BBD070900E6D8B8 /* Sounds */; settings = {ASSET_TAGS = (); }; };
		A625F7041BBD08EE00E6D8B8 /* Images in Resources */ = {isa = PBXBuildFile; fileRef = A625F7031BBD08EE00E6D8B8 /* Images */; settings = {ASSET_TAGS = (); }; };
		A625F7061BBD0E5E00E6D8B8 /* Array2D.swift in Sources */ = {isa = PBXBuildFile; fileRef = A625F7051BBD0E5E00E6D8B8 /* Array2D.swift */; settings = {ASSET_TAGS = (); }; };
		A625F7081BBD10AA00E6D8B8 /* Block.swift in Sources */ = {isa = PBXBuildFile; fileRef = A625F7071BBD10AA00E6D8B8 /* Block.swift */; settings = {ASSET_TAGS = (); }; };
		A625F70A1BBD11E200E6D8B8 /* Shape.swift in Sources */ = {isa = PBXBuildFile; fileRef = A625F7091BBD11E200E6D8B8 /* Shape.swift */; settings = {ASSET_TAGS = (); }; };
		A625F70C1BBD174F00E6D8B8 /* SquareShape.swift in Sources */ = {isa = PBXBuildFile; fileRef = A625F70B1BBD174F00E6D8B8 /* SquareShape.swift */; settings = {ASSET_TAGS = (); }; };
		A625F70E1BBD178F00E6D8B8 /* TShape.swift in Sources */ = {isa = PBXBuildFile; fileRef = A625F70D1BBD178F00E6D8B8 /* TShape.swift */; settings = {ASSET_TAGS = (); }; };
		A625F7101BBD183100E6D8B8 /* LineShape.swift in Sources */ = {isa = PBXBuildFile; fileRef = A625F70F1BBD183100E6D8B8 /* LineShape.swift */; settings = {ASSET_TAGS = (); }; };
		A625F7121BBD185600E6D8B8 /* LShape.swift in Sources */ = {isa = PBXBuildFile; fileRef = A625F7111BBD185600E6D8B8 /* LShape.swift */; settings = {ASSET_TAGS = (); }; };
		A625F7141BBD186500E6D8B8 /* JShape.swift in Sources */ = {isa = PBXBuildFile; fileRef = A625F7131BBD186500E6D8B8 /* JShape.swift */; settings = {ASSET_TAGS = (); }; };
		A625F7161BBD188600E6D8B8 /* SShape.swift in Sources */ = {isa = PBXBuildFile; fileRef = A625F7151BBD188600E6D8B8 /* SShape.swift */; settings = {ASSET_TAGS = (); }; };
		A625F7181BBD192E00E6D8B8 /* ZShape.swift in Sources */ = {isa = PBXBuildFile; fileRef = A625F7171BBD192E00E6D8B8 /* ZShape.swift */; settings = {ASSET_TAGS = (); }; };
		A625F71A1BBD1A9E00E6D8B8 /* Swiftris.swift in Sources */ = {isa = PBXBuildFile; fileRef = A625F7191BBD1A9E00E6D8B8 /* Swiftris.swift */; settings = {ASSET_TAGS = (); }; };
		A625F71C1BBD2A4100E6D8B8 /* Sprites.atlas in Resources */ = {isa = PBXBuildFile; fileRef = A625F71B1BBD2A4100E6D8B8 /* Sprites.atlas */; settings = {ASSET_TAGS = (); }; };
/* End PBXBuildFile section */

/* Begin PBXContainerItemProxy section */
		A625F6E31BBCFEDB00E6D8B8 /* PBXContainerItemProxy */ = {
			isa = PBXContainerItemProxy;
			containerPortal = A625F6C21BBCFEDB00E6D8B8 /* Project object */;
			proxyType = 1;
			remoteGlobalIDString = A625F6C91BBCFEDB00E6D8B8;
			remoteInfo = Swiftris;
		};
		A625F6EE1BBCFEDB00E6D8B8 /* PBXContainerItemProxy */ = {
			isa = PBXContainerItemProxy;
			containerPortal = A625F6C21BBCFEDB00E6D8B8 /* Project object */;
			proxyType = 1;
			remoteGlobalIDString = A625F6C91BBCFEDB00E6D8B8;
			remoteInfo = Swiftris;
		};
/* End PBXContainerItemProxy section */

/* Begin PBXFileReference section */
		A625F6CA1BBCFEDB00E6D8B8 /* Swiftris.app */ = {isa = PBXFileReference; explicitFileType = wrapper.application; includeInIndex = 0; path = Swiftris.app; sourceTree = BUILT_PRODUCTS_DIR; };
		A625F6CD1BBCFEDB00E6D8B8 /* AppDelegate.swift */ = {isa = PBXFileReference; lastKnownFileType = sourcecode.swift; path = AppDelegate.swift; sourceTree = "<group>"; };
		A625F6D11BBCFEDB00E6D8B8 /* GameScene.swift */ = {isa = PBXFileReference; lastKnownFileType = sourcecode.swift; path = GameScene.swift; sourceTree = "<group>"; };
		A625F6D31BBCFEDB00E6D8B8 /* GameViewController.swift */ = {isa = PBXFileReference; lastKnownFileType = sourcecode.swift; path = GameViewController.swift; sourceTree = "<group>"; };
		A625F6D61BBCFEDB00E6D8B8 /* Base */ = {isa = PBXFileReference; lastKnownFileType = file.storyboard; name = Base; path = Base.lproj/Main.storyboard; sourceTree = "<group>"; };
		A625F6D81BBCFEDB00E6D8B8 /* Assets.xcassets */ = {isa = PBXFileReference; lastKnownFileType = folder.assetcatalog; path = Assets.xcassets; sourceTree = "<group>"; };
		A625F6DB1BBCFEDB00E6D8B8 /* Base */ = {isa = PBXFileReference; lastKnownFileType = file.storyboard; name = Base; path = Base.lproj/LaunchScreen.storyboard; sourceTree = "<group>"; };
		A625F6DD1BBCFEDB00E6D8B8 /* Info.plist */ = {isa = PBXFileReference; lastKnownFileType = text.plist.xml; path = Info.plist; sourceTree = "<group>"; };
		A625F6E21BBCFEDB00E6D8B8 /* SwiftrisTests.xctest */ = {isa = PBXFileReference; explicitFileType = wrapper.cfbundle; includeInIndex = 0; path = SwiftrisTests.xctest; sourceTree = BUILT_PRODUCTS_DIR; };
		A625F6E61BBCFEDB00E6D8B8 /* SwiftrisTests.swift */ = {isa = PBXFileReference; lastKnownFileType = sourcecode.swift; path = SwiftrisTests.swift; sourceTree = "<group>"; };
		A625F6E81BBCFEDB00E6D8B8 /* Info.plist */ = {isa = PBXFileReference; lastKnownFileType = text.plist.xml; path = Info.plist; sourceTree = "<group>"; };
		A625F6ED1BBCFEDB00E6D8B8 /* SwiftrisUITests.xctest */ = {isa = PBXFileReference; explicitFileType = wrapper.cfbundle; includeInIndex = 0; path = SwiftrisUITests.xctest; sourceTree = BUILT_PRODUCTS_DIR; };
		A625F6F11BBCFEDB00E6D8B8 /* SwiftrisUITests.swift */ = {isa = PBXFileReference; lastKnownFileType = sourcecode.swift; path = SwiftrisUITests.swift; sourceTree = "<group>"; };
		A625F6F31BBCFEDB00E6D8B8 /* Info.plist */ = {isa = PBXFileReference; lastKnownFileType = text.plist.xml; path = Info.plist; sourceTree = "<group>"; };
		A625F6FF1BBD070900E6D8B8 /* Sounds */ = {isa = PBXFileReference; lastKnownFileType = folder; path = Sounds; sourceTree = "<group>"; };
		A625F7031BBD08EE00E6D8B8 /* Images */ = {isa = PBXFileReference; lastKnownFileType = folder; path = Images; sourceTree = "<group>"; };
		A625F7051BBD0E5E00E6D8B8 /* Array2D.swift */ = {isa = PBXFileReference; fileEncoding = 4; lastKnownFileType = sourcecode.swift; path = Array2D.swift; sourceTree = "<group>"; };
		A625F7071BBD10AA00E6D8B8 /* Block.swift */ = {isa = PBXFileReference; fileEncoding = 4; lastKnownFileType = sourcecode.swift; path = Block.swift; sourceTree = "<group>"; };
		A625F7091BBD11E200E6D8B8 /* Shape.swift */ = {isa = PBXFileReference; fileEncoding = 4; lastKnownFileType = sourcecode.swift; path = Shape.swift; sourceTree = "<group>"; };
		A625F70B1BBD174F00E6D8B8 /* SquareShape.swift */ = {isa = PBXFileReference; fileEncoding = 4; lastKnownFileType = sourcecode.swift; path = SquareShape.swift; sourceTree = "<group>"; };
		A625F70D1BBD178F00E6D8B8 /* TShape.swift */ = {isa = PBXFileReference; fileEncoding = 4; lastKnownFileType = sourcecode.swift; path = TShape.swift; sourceTree = "<group>"; };
		A625F70F1BBD183100E6D8B8 /* LineShape.swift */ = {isa = PBXFileReference; fileEncoding = 4; lastKnownFileType = sourcecode.swift; path = LineShape.swift; sourceTree = "<group>"; };
		A625F7111BBD185600E6D8B8 /* LShape.swift */ = {isa = PBXFileReference; fileEncoding = 4; lastKnownFileType = sourcecode.swift; path = LShape.swift; sourceTree = "<group>"; };
		A625F7131BBD186500E6D8B8 /* JShape.swift */ = {isa = PBXFileReference; fileEncoding = 4; lastKnownFileType = sourcecode.swift; path = JShape.swift; sourceTree = "<group>"; };
		A625F7151BBD188600E6D8B8 /* SShape.swift */ = {isa = PBXFileReference; fileEncoding = 4; lastKnownFileType = sourcecode.swift; path = SShape.swift; sourceTree = "<group>"; };
		A625F7171BBD192E00E6D8B8 /* ZShape.swift */ = {isa = PBXFileReference; fileEncoding = 4; lastKnownFileType = sourcecode.swift; path = ZShape.swift; sourceTree = "<group>"; };
		A625F7191BBD1A9E00E6D8B8 /* Swiftris.swift */ = {isa = PBXFileReference; fileEncoding = 4; lastKnownFileType = sourcecode.swift; path = Swiftris.swift; sourceTree = "<group>"; };
		A625F71B1BBD2A4100E6D8B8 /* Sprites.atlas */ = {isa = PBXFileReference; lastKnownFileType = folder.skatlas; path = Sprites.atlas; sourceTree = "<group>"; };
/* End PBXFileReference section */

/* Begin PBXFrameworksBuildPhase section */
		A625F6C71BBCFEDB00E6D8B8 /* Frameworks */ = {
			isa = PBXFrameworksBuildPhase;
			buildActionMask = 2147483647;
			files = (
			);
			runOnlyForDeploymentPostprocessing = 0;
		};
		A625F6DF1BBCFEDB00E6D8B8 /* Frameworks */ = {
			isa = PBXFrameworksBuildPhase;
			buildActionMask = 2147483647;
			files = (
			);
			runOnlyForDeploymentPostprocessing = 0;
		};
		A625F6EA1BBCFEDB00E6D8B8 /* Frameworks */ = {
			isa = PBXFrameworksBuildPhase;
			buildActionMask = 2147483647;
			files = (
			);
			runOnlyForDeploymentPostprocessing = 0;
		};
/* End PBXFrameworksBuildPhase section */

/* Begin PBXGroup section */
		A625F6C11BBCFEDB00E6D8B8 = {
			isa = PBXGroup;
			children = (
				A625F6CC1BBCFEDB00E6D8B8 /* Swiftris */,
				A625F6E51BBCFEDB00E6D8B8 /* SwiftrisTests */,
				A625F6F01BBCFEDB00E6D8B8 /* SwiftrisUITests */,
				A625F6CB1BBCFEDB00E6D8B8 /* Products */,
			);
			sourceTree = "<group>";
		};
		A625F6CB1BBCFEDB00E6D8B8 /* Products */ = {
			isa = PBXGroup;
			children = (
				A625F6CA1BBCFEDB00E6D8B8 /* Swiftris.app */,
				A625F6E21BBCFEDB00E6D8B8 /* SwiftrisTests.xctest */,
				A625F6ED1BBCFEDB00E6D8B8 /* SwiftrisUITests.xctest */,
			);
			name = Products;
			sourceTree = "<group>";
		};
		A625F6CC1BBCFEDB00E6D8B8 /* Swiftris */ = {
			isa = PBXGroup;
			children = (
				A625F6CD1BBCFEDB00E6D8B8 /* AppDelegate.swift */,
				A625F6D11BBCFEDB00E6D8B8 /* GameScene.swift */,
				A625F6D31BBCFEDB00E6D8B8 /* GameViewController.swift */,
				A625F6D51BBCFEDB00E6D8B8 /* Main.storyboard */,
				A625F6D81BBCFEDB00E6D8B8 /* Assets.xcassets */,
				A625F71B1BBD2A4100E6D8B8 /* Sprites.atlas */,
				A625F7031BBD08EE00E6D8B8 /* Images */,
				A625F6FF1BBD070900E6D8B8 /* Sounds */,
				A625F6DA1BBCFEDB00E6D8B8 /* LaunchScreen.storyboard */,
				A625F6DD1BBCFEDB00E6D8B8 /* Info.plist */,
				A625F7051BBD0E5E00E6D8B8 /* Array2D.swift */,
				A625F7071BBD10AA00E6D8B8 /* Block.swift */,
				A625F7091BBD11E200E6D8B8 /* Shape.swift */,
				A625F70B1BBD174F00E6D8B8 /* SquareShape.swift */,
				A625F70D1BBD178F00E6D8B8 /* TShape.swift */,
				A625F70F1BBD183100E6D8B8 /* LineShape.swift */,
				A625F7111BBD185600E6D8B8 /* LShape.swift */,
				A625F7131BBD186500E6D8B8 /* JShape.swift */,
				A625F7151BBD188600E6D8B8 /* SShape.swift */,
				A625F7171BBD192E00E6D8B8 /* ZShape.swift */,
				A625F7191BBD1A9E00E6D8B8 /* Swiftris.swift */,
			);
			path = Swiftris;
			sourceTree = "<group>";
		};
		A625F6E51BBCFEDB00E6D8B8 /* SwiftrisTests */ = {
			isa = PBXGroup;
			children = (
				A625F6E61BBCFEDB00E6D8B8 /* SwiftrisTests.swift */,
				A625F6E81BBCFEDB00E6D8B8 /* Info.plist */,
			);
			path = SwiftrisTests;
			sourceTree = "<group>";
		};
		A625F6F01BBCFEDB00E6D8B8 /* SwiftrisUITests */ = {
			isa = PBXGroup;
			children = (
				A625F6F11BBCFEDB00E6D8B8 /* SwiftrisUITests.swift */,
				A625F6F31BBCFEDB00E6D8B8 /* Info.plist */,
			);
			path = SwiftrisUITests;
			sourceTree = "<group>";
		};
/* End PBXGroup section */

/* Begin PBXNativeTarget section */
		A625F6C91BBCFEDB00E6D8B8 /* Swiftris */ = {
			isa = PBXNativeTarget;
			buildConfigurationList = A625F6F61BBCFEDB00E6D8B8 /* Build configuration list for PBXNativeTarget "Swiftris" */;
			buildPhases = (
				A625F6C61BBCFEDB00E6D8B8 /* Sources */,
				A625F6C71BBCFEDB00E6D8B8 /* Frameworks */,
				A625F6C81BBCFEDB00E6D8B8 /* Resources */,
			);
			buildRules = (
			);
			dependencies = (
			);
			name = Swiftris;
			productName = Swiftris;
			productReference = A625F6CA1BBCFEDB00E6D8B8 /* Swiftris.app */;
			productType = "com.apple.product-type.application";
		};
		A625F6E11BBCFEDB00E6D8B8 /* SwiftrisTests */ = {
			isa = PBXNativeTarget;
			buildConfigurationList = A625F6F91BBCFEDB00E6D8B8 /* Build configuration list for PBXNativeTarget "SwiftrisTests" */;
			buildPhases = (
				A625F6DE1BBCFEDB00E6D8B8 /* Sources */,
				A625F6DF1BBCFEDB00E6D8B8 /* Frameworks */,
				A625F6E01BBCFEDB00E6D8B8 /* Resources */,
			);
			buildRules = (
			);
			dependencies = (
				A625F6E41BBCFEDB00E6D8B8 /* PBXTargetDependency */,
			);
			name = SwiftrisTests;
			productName = SwiftrisTests;
			productReference = A625F6E21BBCFEDB00E6D8B8 /* SwiftrisTests.xctest */;
			productType = "com.apple.product-type.bundle.unit-test";
		};
		A625F6EC1BBCFEDB00E6D8B8 /* SwiftrisUITests */ = {
			isa = PBXNativeTarget;
			buildConfigurationList = A625F6FC1BBCFEDB00E6D8B8 /* Build configuration list for PBXNativeTarget "SwiftrisUITests" */;
			buildPhases = (
				A625F6E91BBCFEDB00E6D8B8 /* Sources */,
				A625F6EA1BBCFEDB00E6D8B8 /* Frameworks */,
				A625F6EB1BBCFEDB00E6D8B8 /* Resources */,
			);
			buildRules = (
			);
			dependencies = (
				A625F6EF1BBCFEDB00E6D8B8 /* PBXTargetDependency */,
			);
			name = SwiftrisUITests;
			productName = SwiftrisUITests;
			productReference = A625F6ED1BBCFEDB00E6D8B8 /* SwiftrisUITests.xctest */;
			productType = "com.apple.product-type.bundle.ui-testing";
		};
/* End PBXNativeTarget section */

/* Begin PBXProject section */
		A625F6C21BBCFEDB00E6D8B8 /* Project object */ = {
			isa = PBXProject;
			attributes = {
				LastUpgradeCheck = 0700;
				ORGANIZATIONNAME = Thu;
				TargetAttributes = {
					A625F6C91BBCFEDB00E6D8B8 = {
						CreatedOnToolsVersion = 7.0.1;
						DevelopmentTeam = HM398SFX4C;
					};
					A625F6E11BBCFEDB00E6D8B8 = {
						CreatedOnToolsVersion = 7.0.1;
						TestTargetID = A625F6C91BBCFEDB00E6D8B8;
					};
					A625F6EC1BBCFEDB00E6D8B8 = {
						CreatedOnToolsVersion = 7.0.1;
						TestTargetID = A625F6C91BBCFEDB00E6D8B8;
					};
				};
			};
			buildConfigurationList = A625F6C51BBCFEDB00E6D8B8 /* Build configuration list for PBXProject "Swiftris" */;
			compatibilityVersion = "Xcode 3.2";
			developmentRegion = English;
			hasScannedForEncodings = 0;
			knownRegions = (
				en,
				Base,
			);
			mainGroup = A625F6C11BBCFEDB00E6D8B8;
			productRefGroup = A625F6CB1BBCFEDB00E6D8B8 /* Products */;
			projectDirPath = "";
			projectRoot = "";
			targets = (
				A625F6C91BBCFEDB00E6D8B8 /* Swiftris */,
				A625F6E11BBCFEDB00E6D8B8 /* SwiftrisTests */,
				A625F6EC1BBCFEDB00E6D8B8 /* SwiftrisUITests */,
			);
		};
/* End PBXProject section */

/* Begin PBXResourcesBuildPhase section */
		A625F6C81BBCFEDB00E6D8B8 /* Resources */ = {
			isa = PBXResourcesBuildPhase;
			buildActionMask = 2147483647;
			files = (
				A625F71C1BBD2A4100E6D8B8 /* Sprites.atlas in Resources */,
				A625F6DC1BBCFEDB00E6D8B8 /* LaunchScreen.storyboard in Resources */,
				A625F6D91BBCFEDB00E6D8B8 /* Assets.xcassets in Resources */,
				A625F7001BBD070900E6D8B8 /* Sounds in Resources */,
				A625F6D71BBCFEDB00E6D8B8 /* Main.storyboard in Resources */,
				A625F7041BBD08EE00E6D8B8 /* Images in Resources */,
			);
			runOnlyForDeploymentPostprocessing = 0;
		};
		A625F6E01BBCFEDB00E6D8B8 /* Resources */ = {
			isa = PBXResourcesBuildPhase;
			buildActionMask = 2147483647;
			files = (
			);
			runOnlyForDeploymentPostprocessing = 0;
		};
		A625F6EB1BBCFEDB00E6D8B8 /* Resources */ = {
			isa = PBXResourcesBuildPhase;
			buildActionMask = 2147483647;
			files = (
			);
			runOnlyForDeploymentPostprocessing = 0;
		};
/* End PBXResourcesBuildPhase section */

/* Begin PBXSourcesBuildPhase section */
		A625F6C61BBCFEDB00E6D8B8 /* Sources */ = {
			isa = PBXSourcesBuildPhase;
			buildActionMask = 2147483647;
			files = (
				A625F7121BBD185600E6D8B8 /* LShape.swift in Sources */,
				A625F70C1BBD174F00E6D8B8 /* SquareShape.swift in Sources */,
				A625F6D21BBCFEDB00E6D8B8 /* GameScene.swift in Sources */,
				A625F7141BBD186500E6D8B8 /* JShape.swift in Sources */,
				A625F71A1BBD1A9E00E6D8B8 /* Swiftris.swift in Sources */,
				A625F70A1BBD11E200E6D8B8 /* Shape.swift in Sources */,
				A625F7061BBD0E5E00E6D8B8 /* Array2D.swift in Sources */,
				A625F7101BBD183100E6D8B8 /* LineShape.swift in Sources */,
				A625F7161BBD188600E6D8B8 /* SShape.swift in Sources */,
				A625F70E1BBD178F00E6D8B8 /* TShape.swift in Sources */,
				A625F7081BBD10AA00E6D8B8 /* Block.swift in Sources */,
				A625F6D41BBCFEDB00E6D8B8 /* GameViewController.swift in Sources */,
				A625F7181BBD192E00E6D8B8 /* ZShape.swift in Sources */,
				A625F6CE1BBCFEDB00E6D8B8 /* AppDelegate.swift in Sources */,
			);
			runOnlyForDeploymentPostprocessing = 0;
		};
		A625F6DE1BBCFEDB00E6D8B8 /* Sources */ = {
			isa = PBXSourcesBuildPhase;
			buildActionMask = 2147483647;
			files = (
				A625F6E71BBCFEDB00E6D8B8 /* SwiftrisTests.swift in Sources */,
			);
			runOnlyForDeploymentPostprocessing = 0;
		};
		A625F6E91BBCFEDB00E6D8B8 /* Sources */ = {
			isa = PBXSourcesBuildPhase;
			buildActionMask = 2147483647;
			files = (
				A625F6F21BBCFEDB00E6D8B8 /* SwiftrisUITests.swift in Sources */,
			);
			runOnlyForDeploymentPostprocessing = 0;
		};
/* End PBXSourcesBuildPhase section */

/* Begin PBXTargetDependency section */
		A625F6E41BBCFEDB00E6D8B8 /* PBXTargetDependency */ = {
			isa = PBXTargetDependency;
			target = A625F6C91BBCFEDB00E6D8B8 /* Swiftris */;
			targetProxy = A625F6E31BBCFEDB00E6D8B8 /* PBXContainerItemProxy */;
		};
		A625F6EF1BBCFEDB00E6D8B8 /* PBXTargetDependency */ = {
			isa = PBXTargetDependency;
			target = A625F6C91BBCFEDB00E6D8B8 /* Swiftris */;
			targetProxy = A625F6EE1BBCFEDB00E6D8B8 /* PBXContainerItemProxy */;
		};
/* End PBXTargetDependency section */

/* Begin PBXVariantGroup section */
		A625F6D51BBCFEDB00E6D8B8 /* Main.storyboard */ = {
			isa = PBXVariantGroup;
			children = (
				A625F6D61BBCFEDB00E6D8B8 /* Base */,
			);
			name = Main.storyboard;
			sourceTree = "<group>";
		};
		A625F6DA1BBCFEDB00E6D8B8 /* LaunchScreen.storyboard */ = {
			isa = PBXVariantGroup;
			children = (
				A625F6DB1BBCFEDB00E6D8B8 /* Base */,
			);
			name = LaunchScreen.storyboard;
			sourceTree = "<group>";
		};
/* End PBXVariantGroup section */

/* Begin XCBuildConfiguration section */
		A625F6F41BBCFEDB00E6D8B8 /* Debug */ = {
			isa = XCBuildConfiguration;
			buildSettings = {
				ALWAYS_SEARCH_USER_PATHS = NO;
				CLANG_CXX_LANGUAGE_STANDARD = "gnu++0x";
				CLANG_CXX_LIBRARY = "libc++";
				CLANG_ENABLE_MODULES = YES;
				CLANG_ENABLE_OBJC_ARC = YES;
				CLANG_WARN_BOOL_CONVERSION = YES;
				CLANG_WARN_CONSTANT_CONVERSION = YES;
				CLANG_WARN_DIRECT_OBJC_ISA_USAGE = YES_ERROR;
				CLANG_WARN_EMPTY_BODY = YES;
				CLANG_WARN_ENUM_CONVERSION = YES;
				CLANG_WARN_INT_CONVERSION = YES;
				CLANG_WARN_OBJC_ROOT_CLASS = YES_ERROR;
				CLANG_WARN_UNREACHABLE_CODE = YES;
				CLANG_WARN__DUPLICATE_METHOD_MATCH = YES;
				"CODE_SIGN_IDENTITY[sdk=iphoneos*]" = "iPhone Developer";
				COPY_PHASE_STRIP = NO;
				DEBUG_INFORMATION_FORMAT = "dwarf-with-dsym";
				ENABLE_STRICT_OBJC_MSGSEND = YES;
				ENABLE_TESTABILITY = YES;
				GCC_C_LANGUAGE_STANDARD = gnu99;
				GCC_DYNAMIC_NO_PIC = NO;
				GCC_NO_COMMON_BLOCKS = YES;
				GCC_OPTIMIZATION_LEVEL = 0;
				GCC_PREPROCESSOR_DEFINITIONS = (
					"DEBUG=1",
					"$(inherited)",
				);
				GCC_WARN_64_TO_32_BIT_CONVERSION = YES;
				GCC_WARN_ABOUT_RETURN_TYPE = YES_ERROR;
				GCC_WARN_UNDECLARED_SELECTOR = YES;
				GCC_WARN_UNINITIALIZED_AUTOS = YES_AGGRESSIVE;
				GCC_WARN_UNUSED_FUNCTION = YES;
				GCC_WARN_UNUSED_VARIABLE = YES;
				IPHONEOS_DEPLOYMENT_TARGET = 9.0;
				MTL_ENABLE_DEBUG_INFO = YES;
				ONLY_ACTIVE_ARCH = YES;
				SDKROOT = iphoneos;
				SWIFT_OPTIMIZATION_LEVEL = "-Onone";
			};
			name = Debug;
		};
		A625F6F51BBCFEDB00E6D8B8 /* Release */ = {
			isa = XCBuildConfiguration;
			buildSettings = {
				ALWAYS_SEARCH_USER_PATHS = NO;
				CLANG_CXX_LANGUAGE_STANDARD = "gnu++0x";
				CLANG_CXX_LIBRARY = "libc++";
				CLANG_ENABLE_MODULES = YES;
				CLANG_ENABLE_OBJC_ARC = YES;
				CLANG_WARN_BOOL_CONVERSION = YES;
				CLANG_WARN_CONSTANT_CONVERSION = YES;
				CLANG_WARN_DIRECT_OBJC_ISA_USAGE = YES_ERROR;
				CLANG_WARN_EMPTY_BODY = YES;
				CLANG_WARN_ENUM_CONVERSION = YES;
				CLANG_WARN_INT_CONVERSION = YES;
				CLANG_WARN_OBJC_ROOT_CLASS = YES_ERROR;
				CLANG_WARN_UNREACHABLE_CODE = YES;
				CLANG_WARN__DUPLICATE_METHOD_MATCH = YES;
				"CODE_SIGN_IDENTITY[sdk=iphoneos*]" = "iPhone Developer";
				COPY_PHASE_STRIP = NO;
				DEBUG_INFORMATION_FORMAT = "dwarf-with-dsym";
				ENABLE_NS_ASSERTIONS = NO;
				ENABLE_STRICT_OBJC_MSGSEND = YES;
				GCC_C_LANGUAGE_STANDARD = gnu99;
				GCC_NO_COMMON_BLOCKS = YES;
				GCC_WARN_64_TO_32_BIT_CONVERSION = YES;
				GCC_WARN_ABOUT_RETURN_TYPE = YES_ERROR;
				GCC_WARN_UNDECLARED_SELECTOR = YES;
				GCC_WARN_UNINITIALIZED_AUTOS = YES_AGGRESSIVE;
				GCC_WARN_UNUSED_FUNCTION = YES;
				GCC_WARN_UNUSED_VARIABLE = YES;
				IPHONEOS_DEPLOYMENT_TARGET = 9.0;
				MTL_ENABLE_DEBUG_INFO = NO;
				SDKROOT = iphoneos;
				VALIDATE_PRODUCT = YES;
			};
			name = Release;
		};
		A625F6F71BBCFEDB00E6D8B8 /* Debug */ = {
			isa = XCBuildConfiguration;
			buildSettings = {
				ASSETCATALOG_COMPILER_APPICON_NAME = AppIcon;
				CODE_SIGN_IDENTITY = "iPhone Developer";
				INFOPLIST_FILE = Swiftris/Info.plist;
				IPHONEOS_DEPLOYMENT_TARGET = 9.0;
				LD_RUNPATH_SEARCH_PATHS = "$(inherited) @executable_path/Frameworks";
				PRODUCT_BUNDLE_IDENTIFIER = Thu.duj.Swiftris;
				PRODUCT_NAME = "$(TARGET_NAME)";
				TARGETED_DEVICE_FAMILY = 1;
			};
			name = Debug;
		};
		A625F6F81BBCFEDB00E6D8B8 /* Release */ = {
			isa = XCBuildConfiguration;
			buildSettings = {
				ASSETCATALOG_COMPILER_APPICON_NAME = AppIcon;
				CODE_SIGN_IDENTITY = "iPhone Developer";
				INFOPLIST_FILE = Swiftris/Info.plist;
				IPHONEOS_DEPLOYMENT_TARGET = 9.0;
				LD_RUNPATH_SEARCH_PATHS = "$(inherited) @executable_path/Frameworks";
				PRODUCT_BUNDLE_IDENTIFIER = Thu.duj.Swiftris;
				PRODUCT_NAME = "$(TARGET_NAME)";
				TARGETED_DEVICE_FAMILY = 1;
			};
			name = Release;
		};
		A625F6FA1BBCFEDB00E6D8B8 /* Debug */ = {
			isa = XCBuildConfiguration;
			buildSettings = {
				BUNDLE_LOADER = "$(TEST_HOST)";
				DEBUG_INFORMATION_FORMAT = dwarf;
				INFOPLIST_FILE = SwiftrisTests/Info.plist;
				LD_RUNPATH_SEARCH_PATHS = "$(inherited) @executable_path/Frameworks @loader_path/Frameworks";
				PRODUCT_BUNDLE_IDENTIFIER = Thu.duj.SwiftrisTests;
				PRODUCT_NAME = "$(TARGET_NAME)";
				TEST_HOST = "$(BUILT_PRODUCTS_DIR)/Swiftris.app/Swiftris";
			};
			name = Debug;
		};
		A625F6FB1BBCFEDB00E6D8B8 /* Release */ = {
			isa = XCBuildConfiguration;
			buildSettings = {
				BUNDLE_LOADER = "$(TEST_HOST)";
				INFOPLIST_FILE = SwiftrisTests/Info.plist;
				LD_RUNPATH_SEARCH_PATHS = "$(inherited) @executable_path/Frameworks @loader_path/Frameworks";
				PRODUCT_BUNDLE_IDENTIFIER = Thu.duj.SwiftrisTests;
				PRODUCT_NAME = "$(TARGET_NAME)";
				TEST_HOST = "$(BUILT_PRODUCTS_DIR)/Swiftris.app/Swiftris";
			};
			name = Release;
		};
		A625F6FD1BBCFEDB00E6D8B8 /* Debug */ = {
			isa = XCBuildConfiguration;
			buildSettings = {
				DEBUG_INFORMATION_FORMAT = dwarf;
				INFOPLIST_FILE = SwiftrisUITests/Info.plist;
				LD_RUNPATH_SEARCH_PATHS = "$(inherited) @executable_path/Frameworks @loader_path/Frameworks";
				PRODUCT_BUNDLE_IDENTIFIER = Thu.duj.SwiftrisUITests;
				PRODUCT_NAME = "$(TARGET_NAME)";
				TEST_TARGET_NAME = Swiftris;
				USES_XCTRUNNER = YES;
			};
			name = Debug;
		};
		A625F6FE1BBCFEDB00E6D8B8 /* Release */ = {
			isa = XCBuildConfiguration;
			buildSettings = {
				INFOPLIST_FILE = SwiftrisUITests/Info.plist;
				LD_RUNPATH_SEARCH_PATHS = "$(inherited) @executable_path/Frameworks @loader_path/Frameworks";
				PRODUCT_BUNDLE_IDENTIFIER = Thu.duj.SwiftrisUITests;
				PRODUCT_NAME = "$(TARGET_NAME)";
				TEST_TARGET_NAME = Swiftris;
				USES_XCTRUNNER = YES;
			};
			name = Release;
		};
/* End XCBuildConfiguration section */

/* Begin XCConfigurationList section */
		A625F6C51BBCFEDB00E6D8B8 /* Build configuration list for PBXProject "Swiftris" */ = {
			isa = XCConfigurationList;
			buildConfigurations = (
				A625F6F41BBCFEDB00E6D8B8 /* Debug */,
				A625F6F51BBCFEDB00E6D8B8 /* Release */,
			);
			defaultConfigurationIsVisible = 0;
			defaultConfigurationName = Release;
		};
		A625F6F61BBCFEDB00E6D8B8 /* Build configuration list for PBXNativeTarget "Swiftris" */ = {
			isa = XCConfigurationList;
			buildConfigurations = (
				A625F6F71BBCFEDB00E6D8B8 /* Debug */,
				A625F6F81BBCFEDB00E6D8B8 /* Release */,
			);
			defaultConfigurationIsVisible = 0;
			defaultConfigurationName = Release;
		};
		A625F6F91BBCFEDB00E6D8B8 /* Build configuration list for PBXNativeTarget "SwiftrisTests" */ = {
			isa = XCConfigurationList;
			buildConfigurations = (
				A625F6FA1BBCFEDB00E6D8B8 /* Debug */,
				A625F6FB1BBCFEDB00E6D8B8 /* Release */,
			);
			defaultConfigurationIsVisible = 0;
			defaultConfigurationName = Release;
		};
		A625F6FC1BBCFEDB00E6D8B8 /* Build configuration list for PBXNativeTarget "SwiftrisUITests" */ = {
			isa = XCConfigurationList;
			buildConfigurations = (
				A625F6FD1BBCFEDB00E6D8B8 /* Debug */,
				A625F6FE1BBCFEDB00E6D8B8 /* Release */,
			);
			defaultConfigurationIsVisible = 0;
			defaultConfigurationName = Release;
		};
/* End XCConfigurationList section */
	};
	rootObject = A625F6C21BBCFEDB00E6D8B8 /* Project object */;
}
